
Microsoft Visual Studio Solution File, Format Version 12.00
# Visual Studio Version 17
VisualStudioVersion = 17.9.34723.18
MinimumVisualStudioVersion = 10.0.40219.1
Project("{FAE04EC0-301F-11D3-BF4B-00C04F79EFBC}") = "Project", "Project.csproj", "{A56DCC04-2BA5-4C3B-93AE-6A8DC5CCC320}"
EndProject
Global
	GlobalSection(SolutionConfigurationPlatforms) = preSolution
		Debug|Any CPU = Debug|Any CPU
		Release|Any CPU = Release|Any CPU
	EndGlobalSection
	GlobalSection(ProjectConfigurationPlatforms) = postSolution
		{A56DCC04-2BA5-4C3B-93AE-6A8DC5CCC320}.Debug|Any CPU.ActiveCfg = Debug|Any CPU
		{A56DCC04-2BA5-4C3B-93AE-6A8DC5CCC320}.Debug|Any CPU.Build.0 = Debug|Any CPU
		{A56DCC04-2BA5-4C3B-93AE-6A8DC5CCC320}.Release|Any CPU.ActiveCfg = Release|Any CPU
		{A56DCC04-2BA5-4C3B-93AE-6A8DC5CCC320}.Release|Any CPU.Build.0 = Release|Any CPU
	EndGlobalSection
	GlobalSection(SolutionProperties) = preSolution
		HideSolutionNode = FALSE
	EndGlobalSection
	GlobalSection(ExtensibilityGlobals) = postSolution
		SolutionGuid = {2DA84D75-93CD-4D46-9CEC-9AC74540932D}
	EndGlobalSection
EndGlobal
